
Microsoft Visual Studio Solution File, Format Version 12.00
# Visual Studio Version 16
VisualStudioVersion = 16.0.29201.188
MinimumVisualStudioVersion = 10.0.40219.1
Project("{FAE04EC0-301F-11D3-BF4B-00C04F79EFBC}") = "WebReport2", "WebReport2\WebReport2.csproj", "{DFA6407F-3430-45CB-B3BC-B70ECAF5BECA}"
EndProject
Global
	GlobalSection(SolutionConfigurationPlatforms) = preSolution
		Debug|Any CPU = Debug|Any CPU
		Release|Any CPU = Release|Any CPU
	EndGlobalSection
	GlobalSection(ProjectConfigurationPlatforms) = postSolution
		{DFA6407F-3430-45CB-B3BC-B70ECAF5BECA}.Debug|Any CPU.ActiveCfg = Debug|Any CPU
		{DFA6407F-3430-45CB-B3BC-B70ECAF5BECA}.Debug|Any CPU.Build.0 = Debug|Any CPU
		{DFA6407F-3430-45CB-B3BC-B70ECAF5BECA}.Release|Any CPU.ActiveCfg = Release|Any CPU
		{DFA6407F-3430-45CB-B3BC-B70ECAF5BECA}.Release|Any CPU.Build.0 = Release|Any CPU
	EndGlobalSection
	GlobalSection(SolutionProperties) = preSolution
		HideSolutionNode = FALSE
	EndGlobalSection
	GlobalSection(ExtensibilityGlobals) = postSolution
		SolutionGuid = {F7014BE6-3C53-4A89-8798-EF80F2FB32AB}
	EndGlobalSection
EndGlobal
